
Microsoft Visual Studio Solution File, Format Version 12.00
# Visual Studio 15
VisualStudioVersion = 15.0.28307.757
MinimumVisualStudioVersion = 10.0.40219.1
Project("{FAE04EC0-301F-11D3-BF4B-00C04F79EFBC}") = "SHMSSMS", "EVENTSCHEDULER\SHMSSMS.csproj", "{E526A2BE-0C13-4280-9F27-3DD5400DAB13}"
EndProject
Global
	GlobalSection(SolutionConfigurationPlatforms) = preSolution
		Debug|x86 = Debug|x86
		Release|x86 = Release|x86
	EndGlobalSection
	GlobalSection(ProjectConfigurationPlatforms) = postSolution
		{E526A2BE-0C13-4280-9F27-3DD5400DAB13}.Debug|x86.ActiveCfg = Debug|x86
		{E526A2BE-0C13-4280-9F27-3DD5400DAB13}.Debug|x86.Build.0 = Debug|x86
		{E526A2BE-0C13-4280-9F27-3DD5400DAB13}.Release|x86.ActiveCfg = Debug|x86
		{E526A2BE-0C13-4280-9F27-3DD5400DAB13}.Release|x86.Build.0 = Debug|x86
	EndGlobalSection
	GlobalSection(SolutionProperties) = preSolution
		HideSolutionNode = FALSE
	EndGlobalSection
	GlobalSection(ExtensibilityGlobals) = postSolution
		SolutionGuid = {9DAAA8B5-A4D9-43E2-9B20-C10F4C7D8AD2}
	EndGlobalSection
EndGlobal
